// !$*UTF8*$!
{
	archiveVersion = 1;
	classes = {
	};
	objectVersion = 55;
	objects = {

/* Begin PBXBuildFile section */
		4301FA0528342CF4004F9342 /* cars.json in Resources */ = {isa = PBXBuildFile; fileRef = 4301FA0428342CF4004F9342 /* cars.json */; };
		4301FA0728342F28004F9342 /* CarDecodable.swift in Sources */ = {isa = PBXBuildFile; fileRef = 4301FA0628342F28004F9342 /* CarDecodable.swift */; };
		431B08A12839686100CF781C /* UIColor+Additions.swift in Sources */ = {isa = PBXBuildFile; fileRef = 431B08A02839686100CF781C /* UIColor+Additions.swift */; };
		435A2EB928255AD200BF10EA /* AddAutoViewController.swift in Sources */ = {isa = PBXBuildFile; fileRef = 435A2EB728255AD200BF10EA /* AddAutoViewController.swift */; };
		435A2EBA28255AD200BF10EA /* AddAutoViewController.xib in Resources */ = {isa = PBXBuildFile; fileRef = 435A2EB828255AD200BF10EA /* AddAutoViewController.xib */; };
		435A2EBC28255B5900BF10EA /* AutoCell.swift in Sources */ = {isa = PBXBuildFile; fileRef = 435A2EBB28255B5900BF10EA /* AutoCell.swift */; };
		435A2EBE28255BD400BF10EA /* AutoModel.swift in Sources */ = {isa = PBXBuildFile; fileRef = 435A2EBD28255BD400BF10EA /* AutoModel.swift */; };
		435A2EC1282592A000BF10EA /* GarageCollectionViewController.swift in Sources */ = {isa = PBXBuildFile; fileRef = 435A2EBF282592A000BF10EA /* GarageCollectionViewController.swift */; };
		435A2EC2282592A000BF10EA /* GarageCollectionViewController.xib in Resources */ = {isa = PBXBuildFile; fileRef = 435A2EC0282592A000BF10EA /* GarageCollectionViewController.xib */; };
		435A2EC52825938700BF10EA /* GarageCellModel.swift in Sources */ = {isa = PBXBuildFile; fileRef = 435A2EC42825938700BF10EA /* GarageCellModel.swift */; };
		435A2EC7282593F900BF10EA /* GarageCollectionViewCell.swift in Sources */ = {isa = PBXBuildFile; fileRef = 435A2EC6282593F900BF10EA /* GarageCollectionViewCell.swift */; };
		435A2EC92825943E00BF10EA /* CheckMark.swift in Sources */ = {isa = PBXBuildFile; fileRef = 435A2EC82825943E00BF10EA /* CheckMark.swift */; };
		435A2ECD2825A29900BF10EA /* PopoverTableViewController.swift in Sources */ = {isa = PBXBuildFile; fileRef = 435A2ECB2825A29900BF10EA /* PopoverTableViewController.swift */; };
		435A2ECE2825A29900BF10EA /* PopoverTableViewController.xib in Resources */ = {isa = PBXBuildFile; fileRef = 435A2ECC2825A29900BF10EA /* PopoverTableViewController.xib */; };
		435A2ED02825A2E900BF10EA /* PopoverCell.swift in Sources */ = {isa = PBXBuildFile; fileRef = 435A2ECF2825A2E900BF10EA /* PopoverCell.swift */; };
		435A2ED22825A32300BF10EA /* FuelModel.swift in Sources */ = {isa = PBXBuildFile; fileRef = 435A2ED12825A32300BF10EA /* FuelModel.swift */; };
		435A2F5E282AFA1700BF10EA /* WashExpenses+CoreDataClass.swift in Sources */ = {isa = PBXBuildFile; fileRef = 435A2F50282AFA1600BF10EA /* WashExpenses+CoreDataClass.swift */; };
		435A2F5F282AFA1700BF10EA /* WashExpenses+CoreDataProperties.swift in Sources */ = {isa = PBXBuildFile; fileRef = 435A2F51282AFA1600BF10EA /* WashExpenses+CoreDataProperties.swift */; };
		435A2F60282AFA1700BF10EA /* OtherExpenses+CoreDataClass.swift in Sources */ = {isa = PBXBuildFile; fileRef = 435A2F52282AFA1700BF10EA /* OtherExpenses+CoreDataClass.swift */; };
		435A2F61282AFA1700BF10EA /* OtherExpenses+CoreDataProperties.swift in Sources */ = {isa = PBXBuildFile; fileRef = 435A2F53282AFA1700BF10EA /* OtherExpenses+CoreDataProperties.swift */; };
		435A2F62282AFA1700BF10EA /* Car+CoreDataClass.swift in Sources */ = {isa = PBXBuildFile; fileRef = 435A2F54282AFA1700BF10EA /* Car+CoreDataClass.swift */; };
		435A2F63282AFA1700BF10EA /* Car+CoreDataProperties.swift in Sources */ = {isa = PBXBuildFile; fileRef = 435A2F55282AFA1700BF10EA /* Car+CoreDataProperties.swift */; };
		435A2F64282AFA1700BF10EA /* FixExpenses+CoreDataClass.swift in Sources */ = {isa = PBXBuildFile; fileRef = 435A2F56282AFA1700BF10EA /* FixExpenses+CoreDataClass.swift */; };
		435A2F65282AFA1700BF10EA /* FixExpenses+CoreDataProperties.swift in Sources */ = {isa = PBXBuildFile; fileRef = 435A2F57282AFA1700BF10EA /* FixExpenses+CoreDataProperties.swift */; };
		435A2F66282AFA1700BF10EA /* FuelExpenses+CoreDataClass.swift in Sources */ = {isa = PBXBuildFile; fileRef = 435A2F58282AFA1700BF10EA /* FuelExpenses+CoreDataClass.swift */; };
		435A2F67282AFA1700BF10EA /* FuelExpenses+CoreDataProperties.swift in Sources */ = {isa = PBXBuildFile; fileRef = 435A2F59282AFA1700BF10EA /* FuelExpenses+CoreDataProperties.swift */; };
		435A2F68282AFA1700BF10EA /* FinanceExpenses+CoreDataClass.swift in Sources */ = {isa = PBXBuildFile; fileRef = 435A2F5A282AFA1700BF10EA /* FinanceExpenses+CoreDataClass.swift */; };
		435A2F69282AFA1700BF10EA /* FinanceExpenses+CoreDataProperties.swift in Sources */ = {isa = PBXBuildFile; fileRef = 435A2F5B282AFA1700BF10EA /* FinanceExpenses+CoreDataProperties.swift */; };
		435A2F6A282AFA1700BF10EA /* ParkingExpenses+CoreDataClass.swift in Sources */ = {isa = PBXBuildFile; fileRef = 435A2F5C282AFA1700BF10EA /* ParkingExpenses+CoreDataClass.swift */; };
		435A2F6B282AFA1700BF10EA /* ParkingExpenses+CoreDataProperties.swift in Sources */ = {isa = PBXBuildFile; fileRef = 435A2F5D282AFA1700BF10EA /* ParkingExpenses+CoreDataProperties.swift */; };
		435A2F6F282AFCDC00BF10EA /* CarRepository.swift in Sources */ = {isa = PBXBuildFile; fileRef = 435A2F6E282AFCDC00BF10EA /* CarRepository.swift */; };
		43C9C0F5282EF8A600F6CED9 /* UICollectionView+Additions.swift in Sources */ = {isa = PBXBuildFile; fileRef = 43C9C0F4282EF8A600F6CED9 /* UICollectionView+Additions.swift */; };
		43C9C0F7282EFB5A00F6CED9 /* UITableView+Additions.swift in Sources */ = {isa = PBXBuildFile; fileRef = 43C9C0F6282EFB5A00F6CED9 /* UITableView+Additions.swift */; };
		43C9C0FB2832A17D00F6CED9 /* AddItemAndModelViewController.swift in Sources */ = {isa = PBXBuildFile; fileRef = 43C9C0F92832A17D00F6CED9 /* AddItemAndModelViewController.swift */; };
		43C9C0FC2832A17D00F6CED9 /* AddItemAndModelViewController.xib in Resources */ = {isa = PBXBuildFile; fileRef = 43C9C0FA2832A17D00F6CED9 /* AddItemAndModelViewController.xib */; };
		7A07161428423A1400CB58DD /* ExpensesGroupedModel.swift in Sources */ = {isa = PBXBuildFile; fileRef = 7A07161328423A1400CB58DD /* ExpensesGroupedModel.swift */; };
		7A0FE32D283CB0E100B51E99 /* CarModel.swift in Sources */ = {isa = PBXBuildFile; fileRef = 7A0FE32C283CB0E100B51E99 /* CarModel.swift */; };
		7A38D05C28341F3C00FB982F /* ExpensesRepository.swift in Sources */ = {isa = PBXBuildFile; fileRef = 7A38D05B28341F3C00FB982F /* ExpensesRepository.swift */; };
		7A38D05E283421F200FB982F /* CoreDataStack.swift in Sources */ = {isa = PBXBuildFile; fileRef = 7A38D05D283421F200FB982F /* CoreDataStack.swift */; };
		7A38D0602834F8A500FB982F /* CoreDataTests.swift in Sources */ = {isa = PBXBuildFile; fileRef = 7A38D05F2834F8A500FB982F /* CoreDataTests.swift */; };
		7A823626281A6DB6001C2AE3 /* AppDelegate.swift in Sources */ = {isa = PBXBuildFile; fileRef = 7A823625281A6DB6001C2AE3 /* AppDelegate.swift */; };
		7A823628281A6DB6001C2AE3 /* SceneDelegate.swift in Sources */ = {isa = PBXBuildFile; fileRef = 7A823627281A6DB6001C2AE3 /* SceneDelegate.swift */; };
		7A82362A281A6DB6001C2AE3 /* StartViewController.swift in Sources */ = {isa = PBXBuildFile; fileRef = 7A823629281A6DB6001C2AE3 /* StartViewController.swift */; };
		7A823630281A6DB6001C2AE3 /* MyCar.xcdatamodeld in Sources */ = {isa = PBXBuildFile; fileRef = 7A82362E281A6DB6001C2AE3 /* MyCar.xcdatamodeld */; };
		7A823632281A6DB7001C2AE3 /* Assets.xcassets in Resources */ = {isa = PBXBuildFile; fileRef = 7A823631281A6DB7001C2AE3 /* Assets.xcassets */; };
		7A823635281A6DB7001C2AE3 /* LaunchScreen.storyboard in Resources */ = {isa = PBXBuildFile; fileRef = 7A823633281A6DB7001C2AE3 /* LaunchScreen.storyboard */; };
		7A823640281A6DB7001C2AE3 /* MyCarTests.swift in Sources */ = {isa = PBXBuildFile; fileRef = 7A82363F281A6DB7001C2AE3 /* MyCarTests.swift */; };
		7A82364A281A6DB7001C2AE3 /* MyCarUITests.swift in Sources */ = {isa = PBXBuildFile; fileRef = 7A823649281A6DB7001C2AE3 /* MyCarUITests.swift */; };
		7A82364C281A6DB7001C2AE3 /* MyCarUITestsLaunchTests.swift in Sources */ = {isa = PBXBuildFile; fileRef = 7A82364B281A6DB7001C2AE3 /* MyCarUITestsLaunchTests.swift */; };
		7A96BF50283E9A59005E5FEB /* StatisticsView.swift in Sources */ = {isa = PBXBuildFile; fileRef = 7A96BF4F283E9A59005E5FEB /* StatisticsView.swift */; };
		7A96BF52283E9AA1005E5FEB /* Helpers.swift in Sources */ = {isa = PBXBuildFile; fileRef = 7A96BF51283E9AA1005E5FEB /* Helpers.swift */; };
		7A96BF5C283E9AE0005E5FEB /* IndicatorPoint.swift in Sources */ = {isa = PBXBuildFile; fileRef = 7A96BF54283E9AE0005E5FEB /* IndicatorPoint.swift */; };
		7A96BF5D283E9AE0005E5FEB /* LineView.swift in Sources */ = {isa = PBXBuildFile; fileRef = 7A96BF55283E9AE0005E5FEB /* LineView.swift */; };
		7A96BF5E283E9AE0005E5FEB /* Legend.swift in Sources */ = {isa = PBXBuildFile; fileRef = 7A96BF56283E9AE0005E5FEB /* Legend.swift */; };
		7A96BF60283E9AE0005E5FEB /* MagnifierRect.swift in Sources */ = {isa = PBXBuildFile; fileRef = 7A96BF58283E9AE0005E5FEB /* MagnifierRect.swift */; };
		7A96BF61283E9AE0005E5FEB /* Path+QuadCurve.swift in Sources */ = {isa = PBXBuildFile; fileRef = 7A96BF59283E9AE0005E5FEB /* Path+QuadCurve.swift */; };
		7A96BF63283E9AE0005E5FEB /* Line.swift in Sources */ = {isa = PBXBuildFile; fileRef = 7A96BF5B283E9AE0005E5FEB /* Line.swift */; };
		7A96BF65283EA814005E5FEB /* StatisticsViewModel.swift in Sources */ = {isa = PBXBuildFile; fileRef = 7A96BF64283EA814005E5FEB /* StatisticsViewModel.swift */; };
		7A9BF8C8283F91DA003FF8C3 /* CGPoint+Additions.swift in Sources */ = {isa = PBXBuildFile; fileRef = 7A9BF8C7283F91DA003FF8C3 /* CGPoint+Additions.swift */; };
		7A9C9352282423EE00FC40DE /* NumPad.swift in Sources */ = {isa = PBXBuildFile; fileRef = 7A9C9351282423EE00FC40DE /* NumPad.swift */; };
		7A9C9354282424DD00FC40DE /* UIImage+imageResized.swift in Sources */ = {isa = PBXBuildFile; fileRef = 7A9C9353282424DD00FC40DE /* UIImage+imageResized.swift */; };
		7A9C93562824251500FC40DE /* PinButton.swift in Sources */ = {isa = PBXBuildFile; fileRef = 7A9C93552824251500FC40DE /* PinButton.swift */; };
		7A9C9358282425BF00FC40DE /* PinState.swift in Sources */ = {isa = PBXBuildFile; fileRef = 7A9C9357282425BF00FC40DE /* PinState.swift */; };
		7A9C935A282426AD00FC40DE /* NumPud.xib in Resources */ = {isa = PBXBuildFile; fileRef = 7A9C9359282426AD00FC40DE /* NumPud.xib */; };
		7AD411FD283620F70091F1A8 /* ExpensesType.swift in Sources */ = {isa = PBXBuildFile; fileRef = 7AD411FC283620F70091F1A8 /* ExpensesType.swift */; };
		7AD411FF283629130091F1A8 /* Period.swift in Sources */ = {isa = PBXBuildFile; fileRef = 7AD411FE283629130091F1A8 /* Period.swift */; };
		7AD412012836CD140091F1A8 /* ExpensesModel.swift in Sources */ = {isa = PBXBuildFile; fileRef = 7AD412002836CD140091F1A8 /* ExpensesModel.swift */; };
		7AD4D97A28258AE80083A7A4 /* HomeViewController.swift in Sources */ = {isa = PBXBuildFile; fileRef = 7AD4D97828258AE80083A7A4 /* HomeViewController.swift */; };
		7AD4D98228258F0E0083A7A4 /* DocumentsViewController.swift in Sources */ = {isa = PBXBuildFile; fileRef = 7AD4D98028258F0E0083A7A4 /* DocumentsViewController.swift */; };
		7AD4D98328258F0E0083A7A4 /* DocumentsViewController.xib in Resources */ = {isa = PBXBuildFile; fileRef = 7AD4D98128258F0E0083A7A4 /* DocumentsViewController.xib */; };
		7AD4D98628258F1F0083A7A4 /* EventsViewController.swift in Sources */ = {isa = PBXBuildFile; fileRef = 7AD4D98428258F1F0083A7A4 /* EventsViewController.swift */; };
		7AD4D98728258F1F0083A7A4 /* EventsViewController.xib in Resources */ = {isa = PBXBuildFile; fileRef = 7AD4D98528258F1F0083A7A4 /* EventsViewController.xib */; };
		7AF0681228356DD8003FDA52 /* Date+Additions.swift in Sources */ = {isa = PBXBuildFile; fileRef = 7AF0681128356DD8003FDA52 /* Date+Additions.swift */; };
		7AF081EA282EF37B00025CA4 /* SettingsView.swift in Sources */ = {isa = PBXBuildFile; fileRef = 7AF081E9282EF37B00025CA4 /* SettingsView.swift */; };
		7AF081EC282EF39C00025CA4 /* SettingsViewModel.swift in Sources */ = {isa = PBXBuildFile; fileRef = 7AF081EB282EF39C00025CA4 /* SettingsViewModel.swift */; };
		7AF081EE282EF3A800025CA4 /* UIApplication+endEditing.swift in Sources */ = {isa = PBXBuildFile; fileRef = 7AF081ED282EF3A800025CA4 /* UIApplication+endEditing.swift */; };
		7AF081F0282EF43300025CA4 /* UIHostingControllerCustom.swift in Sources */ = {isa = PBXBuildFile; fileRef = 7AF081EF282EF43300025CA4 /* UIHostingControllerCustom.swift */; };
		7AF081F2282EF49300025CA4 /* LoginViewModel.swift in Sources */ = {isa = PBXBuildFile; fileRef = 7AF081F1282EF49300025CA4 /* LoginViewModel.swift */; };
		7AF081F4282FA08700025CA4 /* TextFieldLimitModifier.swift in Sources */ = {isa = PBXBuildFile; fileRef = 7AF081F3282FA08700025CA4 /* TextFieldLimitModifier.swift */; };
		7AF081F6283150D400025CA4 /* CheckBoxView.swift in Sources */ = {isa = PBXBuildFile; fileRef = 7AF081F5283150D400025CA4 /* CheckBoxView.swift */; };
		7AF31186281E6BFF0097BF5A /* LoginViewController.swift in Sources */ = {isa = PBXBuildFile; fileRef = 7AF31184281E6BFF0097BF5A /* LoginViewController.swift */; };
		7AF31187281E6BFF0097BF5A /* LoginViewController.xib in Resources */ = {isa = PBXBuildFile; fileRef = 7AF31185281E6BFF0097BF5A /* LoginViewController.xib */; };
		7AF3118A281E6C1B0097BF5A /* MainTabController.swift in Sources */ = {isa = PBXBuildFile; fileRef = 7AF31188281E6C1B0097BF5A /* MainTabController.swift */; };
		7AF3118D281E6D8E0097BF5A /* StartViewController.xib in Resources */ = {isa = PBXBuildFile; fileRef = 7AF3118C281E6D8E0097BF5A /* StartViewController.xib */; };
		92280301283AC54800885342 /* LazyView.swift in Sources */ = {isa = PBXBuildFile; fileRef = 92280300283AC54800885342 /* LazyView.swift */; };
		92280306283AC58000885342 /* ExpensesByDate.swift in Sources */ = {isa = PBXBuildFile; fileRef = 92280303283AC58000885342 /* ExpensesByDate.swift */; };
		92280307283AC58000885342 /* ExpenseCategoryView.swift in Sources */ = {isa = PBXBuildFile; fileRef = 92280304283AC58000885342 /* ExpenseCategoryView.swift */; };
		92280308283AC58000885342 /* ExpenseViewModel.swift in Sources */ = {isa = PBXBuildFile; fileRef = 92280305283AC58000885342 /* ExpenseViewModel.swift */; };
		9239034728313F66007D4314 /* Color+Additions.swift in Sources */ = {isa = PBXBuildFile; fileRef = 9239034628313F66007D4314 /* Color+Additions.swift */; };
		92C611E82826D443009A930E /* KeychainService.swift in Sources */ = {isa = PBXBuildFile; fileRef = 92C611E72826D443009A930E /* KeychainService.swift */; };
		92C611EA2826D4CC009A930E /* KeychainServiceTests.swift in Sources */ = {isa = PBXBuildFile; fileRef = 92C611E92826D4CC009A930E /* KeychainServiceTests.swift */; };
		92C6123628305BDE009A930E /* PieChartView.swift in Sources */ = {isa = PBXBuildFile; fileRef = 92C6123528305BDE009A930E /* PieChartView.swift */; };
		92C6123828305BF6009A930E /* PieSliceView.swift in Sources */ = {isa = PBXBuildFile; fileRef = 92C6123728305BF5009A930E /* PieSliceView.swift */; };
		92C6123A28305C41009A930E /* PieSliceData.swift in Sources */ = {isa = PBXBuildFile; fileRef = 92C6123928305C41009A930E /* PieSliceData.swift */; };
		92C6123C28305C86009A930E /* PieChartRows.swift in Sources */ = {isa = PBXBuildFile; fileRef = 92C6123B28305C86009A930E /* PieChartRows.swift */; };
		92C6123E28306411009A930E /* HomeView.swift in Sources */ = {isa = PBXBuildFile; fileRef = 92C6123D28306411009A930E /* HomeView.swift */; };
		92C6124028306469009A930E /* HomeViewModel.swift in Sources */ = {isa = PBXBuildFile; fileRef = 92C6123F28306469009A930E /* HomeViewModel.swift */; };
/* End PBXBuildFile section */

/* Begin PBXContainerItemProxy section */
		7A82363C281A6DB7001C2AE3 /* PBXContainerItemProxy */ = {
			isa = PBXContainerItemProxy;
			containerPortal = 7A82361A281A6DB6001C2AE3 /* Project object */;
			proxyType = 1;
			remoteGlobalIDString = 7A823621281A6DB6001C2AE3;
			remoteInfo = MyCar;
		};
		7A823646281A6DB7001C2AE3 /* PBXContainerItemProxy */ = {
			isa = PBXContainerItemProxy;
			containerPortal = 7A82361A281A6DB6001C2AE3 /* Project object */;
			proxyType = 1;
			remoteGlobalIDString = 7A823621281A6DB6001C2AE3;
			remoteInfo = MyCar;
		};
/* End PBXContainerItemProxy section */

/* Begin PBXFileReference section */
		4301FA0428342CF4004F9342 /* cars.json */ = {isa = PBXFileReference; fileEncoding = 4; lastKnownFileType = text.json; path = cars.json; sourceTree = "<group>"; };
		4301FA0628342F28004F9342 /* CarDecodable.swift */ = {isa = PBXFileReference; lastKnownFileType = sourcecode.swift; path = CarDecodable.swift; sourceTree = "<group>"; };
		431B08A02839686100CF781C /* UIColor+Additions.swift */ = {isa = PBXFileReference; lastKnownFileType = sourcecode.swift; path = "UIColor+Additions.swift"; sourceTree = "<group>"; };
		435A2EB728255AD200BF10EA /* AddAutoViewController.swift */ = {isa = PBXFileReference; lastKnownFileType = sourcecode.swift; path = AddAutoViewController.swift; sourceTree = "<group>"; };
		435A2EB828255AD200BF10EA /* AddAutoViewController.xib */ = {isa = PBXFileReference; lastKnownFileType = file.xib; path = AddAutoViewController.xib; sourceTree = "<group>"; };
		435A2EBB28255B5900BF10EA /* AutoCell.swift */ = {isa = PBXFileReference; lastKnownFileType = sourcecode.swift; path = AutoCell.swift; sourceTree = "<group>"; };
		435A2EBD28255BD400BF10EA /* AutoModel.swift */ = {isa = PBXFileReference; lastKnownFileType = sourcecode.swift; path = AutoModel.swift; sourceTree = "<group>"; };
		435A2EBF282592A000BF10EA /* GarageCollectionViewController.swift */ = {isa = PBXFileReference; lastKnownFileType = sourcecode.swift; path = GarageCollectionViewController.swift; sourceTree = "<group>"; };
		435A2EC0282592A000BF10EA /* GarageCollectionViewController.xib */ = {isa = PBXFileReference; lastKnownFileType = file.xib; path = GarageCollectionViewController.xib; sourceTree = "<group>"; };
		435A2EC42825938700BF10EA /* GarageCellModel.swift */ = {isa = PBXFileReference; lastKnownFileType = sourcecode.swift; path = GarageCellModel.swift; sourceTree = "<group>"; };
		435A2EC6282593F900BF10EA /* GarageCollectionViewCell.swift */ = {isa = PBXFileReference; lastKnownFileType = sourcecode.swift; path = GarageCollectionViewCell.swift; sourceTree = "<group>"; };
		435A2EC82825943E00BF10EA /* CheckMark.swift */ = {isa = PBXFileReference; lastKnownFileType = sourcecode.swift; path = CheckMark.swift; sourceTree = "<group>"; };
		435A2ECB2825A29900BF10EA /* PopoverTableViewController.swift */ = {isa = PBXFileReference; lastKnownFileType = sourcecode.swift; path = PopoverTableViewController.swift; sourceTree = "<group>"; };
		435A2ECC2825A29900BF10EA /* PopoverTableViewController.xib */ = {isa = PBXFileReference; lastKnownFileType = file.xib; path = PopoverTableViewController.xib; sourceTree = "<group>"; };
		435A2ECF2825A2E900BF10EA /* PopoverCell.swift */ = {isa = PBXFileReference; lastKnownFileType = sourcecode.swift; path = PopoverCell.swift; sourceTree = "<group>"; };
		435A2ED12825A32300BF10EA /* FuelModel.swift */ = {isa = PBXFileReference; lastKnownFileType = sourcecode.swift; path = FuelModel.swift; sourceTree = "<group>"; };
		435A2F50282AFA1600BF10EA /* WashExpenses+CoreDataClass.swift */ = {isa = PBXFileReference; lastKnownFileType = sourcecode.swift; path = "WashExpenses+CoreDataClass.swift"; sourceTree = "<group>"; };
		435A2F51282AFA1600BF10EA /* WashExpenses+CoreDataProperties.swift */ = {isa = PBXFileReference; lastKnownFileType = sourcecode.swift; path = "WashExpenses+CoreDataProperties.swift"; sourceTree = "<group>"; };
		435A2F52282AFA1700BF10EA /* OtherExpenses+CoreDataClass.swift */ = {isa = PBXFileReference; lastKnownFileType = sourcecode.swift; path = "OtherExpenses+CoreDataClass.swift"; sourceTree = "<group>"; };
		435A2F53282AFA1700BF10EA /* OtherExpenses+CoreDataProperties.swift */ = {isa = PBXFileReference; lastKnownFileType = sourcecode.swift; path = "OtherExpenses+CoreDataProperties.swift"; sourceTree = "<group>"; };
		435A2F54282AFA1700BF10EA /* Car+CoreDataClass.swift */ = {isa = PBXFileReference; lastKnownFileType = sourcecode.swift; path = "Car+CoreDataClass.swift"; sourceTree = "<group>"; };
		435A2F55282AFA1700BF10EA /* Car+CoreDataProperties.swift */ = {isa = PBXFileReference; lastKnownFileType = sourcecode.swift; path = "Car+CoreDataProperties.swift"; sourceTree = "<group>"; };
		435A2F56282AFA1700BF10EA /* FixExpenses+CoreDataClass.swift */ = {isa = PBXFileReference; lastKnownFileType = sourcecode.swift; path = "FixExpenses+CoreDataClass.swift"; sourceTree = "<group>"; };
		435A2F57282AFA1700BF10EA /* FixExpenses+CoreDataProperties.swift */ = {isa = PBXFileReference; lastKnownFileType = sourcecode.swift; path = "FixExpenses+CoreDataProperties.swift"; sourceTree = "<group>"; };
		435A2F58282AFA1700BF10EA /* FuelExpenses+CoreDataClass.swift */ = {isa = PBXFileReference; lastKnownFileType = sourcecode.swift; path = "FuelExpenses+CoreDataClass.swift"; sourceTree = "<group>"; };
		435A2F59282AFA1700BF10EA /* FuelExpenses+CoreDataProperties.swift */ = {isa = PBXFileReference; lastKnownFileType = sourcecode.swift; path = "FuelExpenses+CoreDataProperties.swift"; sourceTree = "<group>"; };
		435A2F5A282AFA1700BF10EA /* FinanceExpenses+CoreDataClass.swift */ = {isa = PBXFileReference; lastKnownFileType = sourcecode.swift; path = "FinanceExpenses+CoreDataClass.swift"; sourceTree = "<group>"; };
		435A2F5B282AFA1700BF10EA /* FinanceExpenses+CoreDataProperties.swift */ = {isa = PBXFileReference; lastKnownFileType = sourcecode.swift; path = "FinanceExpenses+CoreDataProperties.swift"; sourceTree = "<group>"; };
		435A2F5C282AFA1700BF10EA /* ParkingExpenses+CoreDataClass.swift */ = {isa = PBXFileReference; lastKnownFileType = sourcecode.swift; path = "ParkingExpenses+CoreDataClass.swift"; sourceTree = "<group>"; };
		435A2F5D282AFA1700BF10EA /* ParkingExpenses+CoreDataProperties.swift */ = {isa = PBXFileReference; lastKnownFileType = sourcecode.swift; path = "ParkingExpenses+CoreDataProperties.swift"; sourceTree = "<group>"; };
		435A2F6E282AFCDC00BF10EA /* CarRepository.swift */ = {isa = PBXFileReference; lastKnownFileType = sourcecode.swift; name = CarRepository.swift; path = "MyCar/Core/Core Data/CoreDataRepository/CarRepository.swift"; sourceTree = SOURCE_ROOT; };
		43C9C0F4282EF8A600F6CED9 /* UICollectionView+Additions.swift */ = {isa = PBXFileReference; lastKnownFileType = sourcecode.swift; path = "UICollectionView+Additions.swift"; sourceTree = "<group>"; };
		43C9C0F6282EFB5A00F6CED9 /* UITableView+Additions.swift */ = {isa = PBXFileReference; lastKnownFileType = sourcecode.swift; path = "UITableView+Additions.swift"; sourceTree = "<group>"; };
		43C9C0F92832A17D00F6CED9 /* AddItemAndModelViewController.swift */ = {isa = PBXFileReference; lastKnownFileType = sourcecode.swift; path = AddItemAndModelViewController.swift; sourceTree = "<group>"; };
		43C9C0FA2832A17D00F6CED9 /* AddItemAndModelViewController.xib */ = {isa = PBXFileReference; lastKnownFileType = file.xib; path = AddItemAndModelViewController.xib; sourceTree = "<group>"; };
		7A07161328423A1400CB58DD /* ExpensesGroupedModel.swift */ = {isa = PBXFileReference; lastKnownFileType = sourcecode.swift; path = ExpensesGroupedModel.swift; sourceTree = "<group>"; };
		7A0FE32C283CB0E100B51E99 /* CarModel.swift */ = {isa = PBXFileReference; lastKnownFileType = sourcecode.swift; path = CarModel.swift; sourceTree = "<group>"; };
		7A38D05B28341F3C00FB982F /* ExpensesRepository.swift */ = {isa = PBXFileReference; lastKnownFileType = sourcecode.swift; path = ExpensesRepository.swift; sourceTree = "<group>"; };
		7A38D05D283421F200FB982F /* CoreDataStack.swift */ = {isa = PBXFileReference; lastKnownFileType = sourcecode.swift; path = CoreDataStack.swift; sourceTree = "<group>"; };
		7A38D05F2834F8A500FB982F /* CoreDataTests.swift */ = {isa = PBXFileReference; lastKnownFileType = sourcecode.swift; path = CoreDataTests.swift; sourceTree = "<group>"; };
		7A823622281A6DB6001C2AE3 /* MyCar.app */ = {isa = PBXFileReference; explicitFileType = wrapper.application; includeInIndex = 0; path = MyCar.app; sourceTree = BUILT_PRODUCTS_DIR; };
		7A823625281A6DB6001C2AE3 /* AppDelegate.swift */ = {isa = PBXFileReference; lastKnownFileType = sourcecode.swift; path = AppDelegate.swift; sourceTree = "<group>"; };
		7A823627281A6DB6001C2AE3 /* SceneDelegate.swift */ = {isa = PBXFileReference; lastKnownFileType = sourcecode.swift; path = SceneDelegate.swift; sourceTree = "<group>"; };
		7A823629281A6DB6001C2AE3 /* StartViewController.swift */ = {isa = PBXFileReference; lastKnownFileType = sourcecode.swift; path = StartViewController.swift; sourceTree = "<group>"; };
		7A82362F281A6DB6001C2AE3 /* MyCar.xcdatamodel */ = {isa = PBXFileReference; lastKnownFileType = wrapper.xcdatamodel; path = MyCar.xcdatamodel; sourceTree = "<group>"; };
		7A823631281A6DB7001C2AE3 /* Assets.xcassets */ = {isa = PBXFileReference; lastKnownFileType = folder.assetcatalog; path = Assets.xcassets; sourceTree = "<group>"; };
		7A823634281A6DB7001C2AE3 /* Base */ = {isa = PBXFileReference; lastKnownFileType = file.storyboard; name = Base; path = Base.lproj/LaunchScreen.storyboard; sourceTree = "<group>"; };
		7A823636281A6DB7001C2AE3 /* Info.plist */ = {isa = PBXFileReference; lastKnownFileType = text.plist.xml; path = Info.plist; sourceTree = "<group>"; };
		7A82363B281A6DB7001C2AE3 /* MyCarTests.xctest */ = {isa = PBXFileReference; explicitFileType = wrapper.cfbundle; includeInIndex = 0; path = MyCarTests.xctest; sourceTree = BUILT_PRODUCTS_DIR; };
		7A82363F281A6DB7001C2AE3 /* MyCarTests.swift */ = {isa = PBXFileReference; lastKnownFileType = sourcecode.swift; path = MyCarTests.swift; sourceTree = "<group>"; };
		7A823645281A6DB7001C2AE3 /* MyCarUITests.xctest */ = {isa = PBXFileReference; explicitFileType = wrapper.cfbundle; includeInIndex = 0; path = MyCarUITests.xctest; sourceTree = BUILT_PRODUCTS_DIR; };
		7A823649281A6DB7001C2AE3 /* MyCarUITests.swift */ = {isa = PBXFileReference; lastKnownFileType = sourcecode.swift; path = MyCarUITests.swift; sourceTree = "<group>"; };
		7A82364B281A6DB7001C2AE3 /* MyCarUITestsLaunchTests.swift */ = {isa = PBXFileReference; lastKnownFileType = sourcecode.swift; path = MyCarUITestsLaunchTests.swift; sourceTree = "<group>"; };
		7A96BF4F283E9A59005E5FEB /* StatisticsView.swift */ = {isa = PBXFileReference; lastKnownFileType = sourcecode.swift; path = StatisticsView.swift; sourceTree = "<group>"; };
		7A96BF51283E9AA1005E5FEB /* Helpers.swift */ = {isa = PBXFileReference; lastKnownFileType = sourcecode.swift; path = Helpers.swift; sourceTree = "<group>"; };
		7A96BF54283E9AE0005E5FEB /* IndicatorPoint.swift */ = {isa = PBXFileReference; fileEncoding = 4; lastKnownFileType = sourcecode.swift; path = IndicatorPoint.swift; sourceTree = "<group>"; };
		7A96BF55283E9AE0005E5FEB /* LineView.swift */ = {isa = PBXFileReference; fileEncoding = 4; lastKnownFileType = sourcecode.swift; path = LineView.swift; sourceTree = "<group>"; };
		7A96BF56283E9AE0005E5FEB /* Legend.swift */ = {isa = PBXFileReference; fileEncoding = 4; lastKnownFileType = sourcecode.swift; path = Legend.swift; sourceTree = "<group>"; };
		7A96BF58283E9AE0005E5FEB /* MagnifierRect.swift */ = {isa = PBXFileReference; fileEncoding = 4; lastKnownFileType = sourcecode.swift; path = MagnifierRect.swift; sourceTree = "<group>"; };
		7A96BF59283E9AE0005E5FEB /* Path+QuadCurve.swift */ = {isa = PBXFileReference; fileEncoding = 4; lastKnownFileType = sourcecode.swift; path = "Path+QuadCurve.swift"; sourceTree = "<group>"; };
		7A96BF5B283E9AE0005E5FEB /* Line.swift */ = {isa = PBXFileReference; fileEncoding = 4; lastKnownFileType = sourcecode.swift; path = Line.swift; sourceTree = "<group>"; };
		7A96BF64283EA814005E5FEB /* StatisticsViewModel.swift */ = {isa = PBXFileReference; lastKnownFileType = sourcecode.swift; path = StatisticsViewModel.swift; sourceTree = "<group>"; };
		7A9BF8C7283F91DA003FF8C3 /* CGPoint+Additions.swift */ = {isa = PBXFileReference; lastKnownFileType = sourcecode.swift; path = "CGPoint+Additions.swift"; sourceTree = "<group>"; };
		7A9C9351282423EE00FC40DE /* NumPad.swift */ = {isa = PBXFileReference; lastKnownFileType = sourcecode.swift; path = NumPad.swift; sourceTree = "<group>"; };
		7A9C9353282424DD00FC40DE /* UIImage+imageResized.swift */ = {isa = PBXFileReference; lastKnownFileType = sourcecode.swift; path = "UIImage+imageResized.swift"; sourceTree = "<group>"; };
		7A9C93552824251500FC40DE /* PinButton.swift */ = {isa = PBXFileReference; lastKnownFileType = sourcecode.swift; path = PinButton.swift; sourceTree = "<group>"; };
		7A9C9357282425BF00FC40DE /* PinState.swift */ = {isa = PBXFileReference; lastKnownFileType = sourcecode.swift; path = PinState.swift; sourceTree = "<group>"; };
		7A9C9359282426AD00FC40DE /* NumPud.xib */ = {isa = PBXFileReference; lastKnownFileType = file.xib; path = NumPud.xib; sourceTree = "<group>"; };
		7AD411FC283620F70091F1A8 /* ExpensesType.swift */ = {isa = PBXFileReference; lastKnownFileType = sourcecode.swift; path = ExpensesType.swift; sourceTree = "<group>"; };
		7AD411FE283629130091F1A8 /* Period.swift */ = {isa = PBXFileReference; lastKnownFileType = sourcecode.swift; path = Period.swift; sourceTree = "<group>"; };
		7AD412002836CD140091F1A8 /* ExpensesModel.swift */ = {isa = PBXFileReference; lastKnownFileType = sourcecode.swift; path = ExpensesModel.swift; sourceTree = "<group>"; };
		7AD4D97828258AE80083A7A4 /* HomeViewController.swift */ = {isa = PBXFileReference; lastKnownFileType = sourcecode.swift; path = HomeViewController.swift; sourceTree = "<group>"; };
		7AD4D98028258F0E0083A7A4 /* DocumentsViewController.swift */ = {isa = PBXFileReference; lastKnownFileType = sourcecode.swift; path = DocumentsViewController.swift; sourceTree = "<group>"; };
		7AD4D98128258F0E0083A7A4 /* DocumentsViewController.xib */ = {isa = PBXFileReference; lastKnownFileType = file.xib; path = DocumentsViewController.xib; sourceTree = "<group>"; };
		7AD4D98428258F1F0083A7A4 /* EventsViewController.swift */ = {isa = PBXFileReference; lastKnownFileType = sourcecode.swift; path = EventsViewController.swift; sourceTree = "<group>"; };
		7AD4D98528258F1F0083A7A4 /* EventsViewController.xib */ = {isa = PBXFileReference; lastKnownFileType = file.xib; path = EventsViewController.xib; sourceTree = "<group>"; };
		7AF0681128356DD8003FDA52 /* Date+Additions.swift */ = {isa = PBXFileReference; lastKnownFileType = sourcecode.swift; path = "Date+Additions.swift"; sourceTree = "<group>"; };
		7AF081E9282EF37B00025CA4 /* SettingsView.swift */ = {isa = PBXFileReference; fileEncoding = 4; lastKnownFileType = sourcecode.swift; path = SettingsView.swift; sourceTree = "<group>"; };
		7AF081EB282EF39C00025CA4 /* SettingsViewModel.swift */ = {isa = PBXFileReference; fileEncoding = 4; lastKnownFileType = sourcecode.swift; path = SettingsViewModel.swift; sourceTree = "<group>"; };
		7AF081ED282EF3A800025CA4 /* UIApplication+endEditing.swift */ = {isa = PBXFileReference; fileEncoding = 4; lastKnownFileType = sourcecode.swift; path = "UIApplication+endEditing.swift"; sourceTree = "<group>"; };
		7AF081EF282EF43300025CA4 /* UIHostingControllerCustom.swift */ = {isa = PBXFileReference; fileEncoding = 4; lastKnownFileType = sourcecode.swift; path = UIHostingControllerCustom.swift; sourceTree = "<group>"; };
		7AF081F1282EF49300025CA4 /* LoginViewModel.swift */ = {isa = PBXFileReference; fileEncoding = 4; lastKnownFileType = sourcecode.swift; path = LoginViewModel.swift; sourceTree = "<group>"; };
		7AF081F3282FA08700025CA4 /* TextFieldLimitModifier.swift */ = {isa = PBXFileReference; lastKnownFileType = sourcecode.swift; path = TextFieldLimitModifier.swift; sourceTree = "<group>"; };
		7AF081F5283150D400025CA4 /* CheckBoxView.swift */ = {isa = PBXFileReference; lastKnownFileType = sourcecode.swift; path = CheckBoxView.swift; sourceTree = "<group>"; };
		7AF31184281E6BFF0097BF5A /* LoginViewController.swift */ = {isa = PBXFileReference; lastKnownFileType = sourcecode.swift; path = LoginViewController.swift; sourceTree = "<group>"; };
		7AF31185281E6BFF0097BF5A /* LoginViewController.xib */ = {isa = PBXFileReference; lastKnownFileType = file.xib; path = LoginViewController.xib; sourceTree = "<group>"; };
		7AF31188281E6C1B0097BF5A /* MainTabController.swift */ = {isa = PBXFileReference; lastKnownFileType = sourcecode.swift; path = MainTabController.swift; sourceTree = "<group>"; };
		7AF3118C281E6D8E0097BF5A /* StartViewController.xib */ = {isa = PBXFileReference; lastKnownFileType = file.xib; path = StartViewController.xib; sourceTree = "<group>"; };
		92280300283AC54800885342 /* LazyView.swift */ = {isa = PBXFileReference; fileEncoding = 4; lastKnownFileType = sourcecode.swift; path = LazyView.swift; sourceTree = "<group>"; };
		92280303283AC58000885342 /* ExpensesByDate.swift */ = {isa = PBXFileReference; fileEncoding = 4; lastKnownFileType = sourcecode.swift; path = ExpensesByDate.swift; sourceTree = "<group>"; };
		92280304283AC58000885342 /* ExpenseCategoryView.swift */ = {isa = PBXFileReference; fileEncoding = 4; lastKnownFileType = sourcecode.swift; path = ExpenseCategoryView.swift; sourceTree = "<group>"; };
		92280305283AC58000885342 /* ExpenseViewModel.swift */ = {isa = PBXFileReference; fileEncoding = 4; lastKnownFileType = sourcecode.swift; path = ExpenseViewModel.swift; sourceTree = "<group>"; };
		9239034628313F66007D4314 /* Color+Additions.swift */ = {isa = PBXFileReference; lastKnownFileType = sourcecode.swift; path = "Color+Additions.swift"; sourceTree = "<group>"; };
		92C611E72826D443009A930E /* KeychainService.swift */ = {isa = PBXFileReference; fileEncoding = 4; lastKnownFileType = sourcecode.swift; path = KeychainService.swift; sourceTree = "<group>"; };
		92C611E92826D4CC009A930E /* KeychainServiceTests.swift */ = {isa = PBXFileReference; lastKnownFileType = sourcecode.swift; path = KeychainServiceTests.swift; sourceTree = "<group>"; };
		92C6123528305BDE009A930E /* PieChartView.swift */ = {isa = PBXFileReference; fileEncoding = 4; lastKnownFileType = sourcecode.swift; path = PieChartView.swift; sourceTree = "<group>"; };
		92C6123728305BF5009A930E /* PieSliceView.swift */ = {isa = PBXFileReference; lastKnownFileType = sourcecode.swift; path = PieSliceView.swift; sourceTree = "<group>"; };
		92C6123928305C41009A930E /* PieSliceData.swift */ = {isa = PBXFileReference; lastKnownFileType = sourcecode.swift; path = PieSliceData.swift; sourceTree = "<group>"; };
		92C6123B28305C86009A930E /* PieChartRows.swift */ = {isa = PBXFileReference; lastKnownFileType = sourcecode.swift; path = PieChartRows.swift; sourceTree = "<group>"; };
		92C6123D28306411009A930E /* HomeView.swift */ = {isa = PBXFileReference; lastKnownFileType = sourcecode.swift; path = HomeView.swift; sourceTree = "<group>"; };
		92C6123F28306469009A930E /* HomeViewModel.swift */ = {isa = PBXFileReference; lastKnownFileType = sourcecode.swift; path = HomeViewModel.swift; sourceTree = "<group>"; };
/* End PBXFileReference section */

/* Begin PBXFrameworksBuildPhase section */
		7A82361F281A6DB6001C2AE3 /* Frameworks */ = {
			isa = PBXFrameworksBuildPhase;
			buildActionMask = 2147483647;
			files = (
			);
			runOnlyForDeploymentPostprocessing = 0;
		};
		7A823638281A6DB7001C2AE3 /* Frameworks */ = {
			isa = PBXFrameworksBuildPhase;
			buildActionMask = 2147483647;
			files = (
			);
			runOnlyForDeploymentPostprocessing = 0;
		};
		7A823642281A6DB7001C2AE3 /* Frameworks */ = {
			isa = PBXFrameworksBuildPhase;
			buildActionMask = 2147483647;
			files = (
			);
			runOnlyForDeploymentPostprocessing = 0;
		};
/* End PBXFrameworksBuildPhase section */

/* Begin PBXGroup section */
		435A2EB428255A6800BF10EA /* AddAuto */ = {
			isa = PBXGroup;
			children = (
				435A2EB728255AD200BF10EA /* AddAutoViewController.swift */,
				435A2EB828255AD200BF10EA /* AddAutoViewController.xib */,
				435A2EBB28255B5900BF10EA /* AutoCell.swift */,
			);
			path = AddAuto;
			sourceTree = "<group>";
		};
		435A2EC3282592B800BF10EA /* Garage */ = {
			isa = PBXGroup;
			children = (
				435A2EBF282592A000BF10EA /* GarageCollectionViewController.swift */,
				435A2EC0282592A000BF10EA /* GarageCollectionViewController.xib */,
				435A2EC42825938700BF10EA /* GarageCellModel.swift */,
				435A2EC6282593F900BF10EA /* GarageCollectionViewCell.swift */,
				435A2EC82825943E00BF10EA /* CheckMark.swift */,
			);
			path = Garage;
			sourceTree = "<group>";
		};
		435A2ECA2825A25400BF10EA /* FuelPopOver */ = {
			isa = PBXGroup;
			children = (
				435A2ECB2825A29900BF10EA /* PopoverTableViewController.swift */,
				435A2ECC2825A29900BF10EA /* PopoverTableViewController.xib */,
				435A2ECF2825A2E900BF10EA /* PopoverCell.swift */,
			);
			path = FuelPopOver;
			sourceTree = "<group>";
		};
		435A2F6C282AFBED00BF10EA /* NSManagedObjectSubclass */ = {
			isa = PBXGroup;
			children = (
				435A2F54282AFA1700BF10EA /* Car+CoreDataClass.swift */,
				435A2F55282AFA1700BF10EA /* Car+CoreDataProperties.swift */,
				435A2F50282AFA1600BF10EA /* WashExpenses+CoreDataClass.swift */,
				435A2F51282AFA1600BF10EA /* WashExpenses+CoreDataProperties.swift */,
				435A2F52282AFA1700BF10EA /* OtherExpenses+CoreDataClass.swift */,
				435A2F53282AFA1700BF10EA /* OtherExpenses+CoreDataProperties.swift */,
				435A2F56282AFA1700BF10EA /* FixExpenses+CoreDataClass.swift */,
				435A2F57282AFA1700BF10EA /* FixExpenses+CoreDataProperties.swift */,
				435A2F58282AFA1700BF10EA /* FuelExpenses+CoreDataClass.swift */,
				435A2F59282AFA1700BF10EA /* FuelExpenses+CoreDataProperties.swift */,
				435A2F5A282AFA1700BF10EA /* FinanceExpenses+CoreDataClass.swift */,
				435A2F5B282AFA1700BF10EA /* FinanceExpenses+CoreDataProperties.swift */,
				435A2F5C282AFA1700BF10EA /* ParkingExpenses+CoreDataClass.swift */,
				435A2F5D282AFA1700BF10EA /* ParkingExpenses+CoreDataProperties.swift */,
			);
			path = NSManagedObjectSubclass;
			sourceTree = "<group>";
		};
		435A2F6D282AFC8500BF10EA /* CoreDataRepository */ = {
			isa = PBXGroup;
			children = (
				435A2F6E282AFCDC00BF10EA /* CarRepository.swift */,
				7A38D05B28341F3C00FB982F /* ExpensesRepository.swift */,
			);
			path = CoreDataRepository;
			sourceTree = "<group>";
		};
		43C9C0F82832A12200F6CED9 /* AddItemAndModel */ = {
			isa = PBXGroup;
			children = (
				43C9C0F92832A17D00F6CED9 /* AddItemAndModelViewController.swift */,
				43C9C0FA2832A17D00F6CED9 /* AddItemAndModelViewController.xib */,
				4301FA0628342F28004F9342 /* CarDecodable.swift */,
			);
			path = AddItemAndModel;
			sourceTree = "<group>";
		};
		7A0FE32E283CB15D00B51E99 /* View Modifiers */ = {
			isa = PBXGroup;
			children = (
				7AF081F3282FA08700025CA4 /* TextFieldLimitModifier.swift */,
			);
			path = "View Modifiers";
			sourceTree = "<group>";
		};
		7A0FE32F283CB32800B51E99 /* NumPad */ = {
			isa = PBXGroup;
			children = (
				7A9C9351282423EE00FC40DE /* NumPad.swift */,
				7A9C9359282426AD00FC40DE /* NumPud.xib */,
			);
			path = NumPad;
			sourceTree = "<group>";
		};
		7A823619281A6DB6001C2AE3 = {
			isa = PBXGroup;
			children = (
				7A823624281A6DB6001C2AE3 /* MyCar */,
				7A82363E281A6DB7001C2AE3 /* MyCarTests */,
				7A823648281A6DB7001C2AE3 /* MyCarUITests */,
				7A823623281A6DB6001C2AE3 /* Products */,
			);
			sourceTree = "<group>";
		};
		7A823623281A6DB6001C2AE3 /* Products */ = {
			isa = PBXGroup;
			children = (
				7A823622281A6DB6001C2AE3 /* MyCar.app */,
				7A82363B281A6DB7001C2AE3 /* MyCarTests.xctest */,
				7A823645281A6DB7001C2AE3 /* MyCarUITests.xctest */,
			);
			name = Products;
			sourceTree = "<group>";
		};
		7A823624281A6DB6001C2AE3 /* MyCar */ = {
			isa = PBXGroup;
			children = (
				7AE5A5CE281E66BF00F008B0 /* App */,
				7A8AA569281E74220071FDD4 /* Core */,
				7AE5A5CF281E674200F008B0 /* Resources */,
				7AE5A5D0281E676200F008B0 /* Environments */,
			);
			path = MyCar;
			sourceTree = "<group>";
		};
		7A82363E281A6DB7001C2AE3 /* MyCarTests */ = {
			isa = PBXGroup;
			children = (
				7A82363F281A6DB7001C2AE3 /* MyCarTests.swift */,
				92C611E92826D4CC009A930E /* KeychainServiceTests.swift */,
				7A38D05F2834F8A500FB982F /* CoreDataTests.swift */,
			);
			path = MyCarTests;
			sourceTree = "<group>";
		};
		7A823648281A6DB7001C2AE3 /* MyCarUITests */ = {
			isa = PBXGroup;
			children = (
				7A823649281A6DB7001C2AE3 /* MyCarUITests.swift */,
				7A82364B281A6DB7001C2AE3 /* MyCarUITestsLaunchTests.swift */,
			);
			path = MyCarUITests;
			sourceTree = "<group>";
		};
		7A8AA567281E73820071FDD4 /* Extensions */ = {
			isa = PBXGroup;
			children = (
				7A9C9353282424DD00FC40DE /* UIImage+imageResized.swift */,
				7AF081ED282EF3A800025CA4 /* UIApplication+endEditing.swift */,
				43C9C0F4282EF8A600F6CED9 /* UICollectionView+Additions.swift */,
				43C9C0F6282EFB5A00F6CED9 /* UITableView+Additions.swift */,
				431B08A02839686100CF781C /* UIColor+Additions.swift */,
				9239034628313F66007D4314 /* Color+Additions.swift */,
				7AF0681128356DD8003FDA52 /* Date+Additions.swift */,
				7AF081EF282EF43300025CA4 /* UIHostingControllerCustom.swift */,
			);
			path = Extensions;
			sourceTree = "<group>";
		};
		7A8AA568281E73A60071FDD4 /* Data Models */ = {
			isa = PBXGroup;
			children = (
				435A2F6C282AFBED00BF10EA /* NSManagedObjectSubclass */,
				7A82362E281A6DB6001C2AE3 /* MyCar.xcdatamodeld */,
			);
			path = "Data Models";
			sourceTree = "<group>";
		};
		7A8AA569281E74220071FDD4 /* Core */ = {
			isa = PBXGroup;
			children = (
				92C611E62826D3FC009A930E /* KeychainService */,
				7A8AA56A281E74240071FDD4 /* Core Data */,
				7A8AA56D281E749E0071FDD4 /* Notifications */,
				7A8AA56C281E74850071FDD4 /* Network */,
				7A8AA567281E73820071FDD4 /* Extensions */,
			);
			path = Core;
			sourceTree = "<group>";
		};
		7A8AA56A281E74240071FDD4 /* Core Data */ = {
			isa = PBXGroup;
			children = (
				7A38D05D283421F200FB982F /* CoreDataStack.swift */,
				435A2F6D282AFC8500BF10EA /* CoreDataRepository */,
				7A8AA56B281E74440071FDD4 /* Migrations Policy */,
			);
			path = "Core Data";
			sourceTree = "<group>";
		};
		7A8AA56B281E74440071FDD4 /* Migrations Policy */ = {
			isa = PBXGroup;
			children = (
			);
			path = "Migrations Policy";
			sourceTree = "<group>";
		};
		7A8AA56C281E74850071FDD4 /* Network */ = {
			isa = PBXGroup;
			children = (
			);
			path = Network;
			sourceTree = "<group>";
		};
		7A8AA56D281E749E0071FDD4 /* Notifications */ = {
			isa = PBXGroup;
			children = (
			);
			path = Notifications;
			sourceTree = "<group>";
		};
		7A8AA56E281E75E70071FDD4 /* Home */ = {
			isa = PBXGroup;
			children = (
				92280302283AC58000885342 /* Expenses */,
				7AD4D97828258AE80083A7A4 /* HomeViewController.swift */,
				92C6123D28306411009A930E /* HomeView.swift */,
				92C6123F28306469009A930E /* HomeViewModel.swift */,
			);
			path = Home;
			sourceTree = "<group>";
		};
		7A8AA56F281E75EB0071FDD4 /* Statistics */ = {
			isa = PBXGroup;
			children = (
				7A96BF64283EA814005E5FEB /* StatisticsViewModel.swift */,
				7A96BF4F283E9A59005E5FEB /* StatisticsView.swift */,
			);
			path = Statistics;
			sourceTree = "<group>";
		};
		7A8AA570281E77160071FDD4 /* Documents */ = {
			isa = PBXGroup;
			children = (
				7AD4D98028258F0E0083A7A4 /* DocumentsViewController.swift */,
				7AD4D98128258F0E0083A7A4 /* DocumentsViewController.xib */,
			);
			path = Documents;
			sourceTree = "<group>";
		};
		7A8AA571281E771C0071FDD4 /* Events */ = {
			isa = PBXGroup;
			children = (
				7AD4D98428258F1F0083A7A4 /* EventsViewController.swift */,
				7AD4D98528258F1F0083A7A4 /* EventsViewController.xib */,
			);
			path = Events;
			sourceTree = "<group>";
		};
		7A8AA572281E77230071FDD4 /* Settings */ = {
			isa = PBXGroup;
			children = (
				7AF081EB282EF39C00025CA4 /* SettingsViewModel.swift */,
				7AF081E9282EF37B00025CA4 /* SettingsView.swift */,
			);
			path = Settings;
			sourceTree = "<group>";
		};
		7A96BF53283E9AE0005E5FEB /* LineChartView */ = {
			isa = PBXGroup;
			children = (
				7A96BF54283E9AE0005E5FEB /* IndicatorPoint.swift */,
				7A96BF58283E9AE0005E5FEB /* MagnifierRect.swift */,
				7A96BF56283E9AE0005E5FEB /* Legend.swift */,
				7A96BF5B283E9AE0005E5FEB /* Line.swift */,
				7A96BF55283E9AE0005E5FEB /* LineView.swift */,
				7A9BF8C9283F921D003FF8C3 /* Helpers */,
			);
			path = LineChartView;
			sourceTree = "<group>";
		};
		7A9BF8C9283F921D003FF8C3 /* Helpers */ = {
			isa = PBXGroup;
			children = (
				7A96BF51283E9AA1005E5FEB /* Helpers.swift */,
				7A96BF59283E9AE0005E5FEB /* Path+QuadCurve.swift */,
				7A9BF8C7283F91DA003FF8C3 /* CGPoint+Additions.swift */,
			);
			path = Helpers;
			sourceTree = "<group>";
		};
		7AE5A5CE281E66BF00F008B0 /* App */ = {
			isa = PBXGroup;
			children = (
				7A823625281A6DB6001C2AE3 /* AppDelegate.swift */,
				7A823627281A6DB6001C2AE3 /* SceneDelegate.swift */,
				7AE5A5D2281E67B700F008B0 /* Entities */,
				7A8AA568281E73A60071FDD4 /* Data Models */,
				7AE5A5D1281E67A500F008B0 /* Flows */,
			);
			path = App;
			sourceTree = "<group>";
		};
		7AE5A5CF281E674200F008B0 /* Resources */ = {
			isa = PBXGroup;
			children = (
				4301FA0428342CF4004F9342 /* cars.json */,
				7A823631281A6DB7001C2AE3 /* Assets.xcassets */,
				7A823633281A6DB7001C2AE3 /* LaunchScreen.storyboard */,
			);
			path = Resources;
			sourceTree = "<group>";
		};
		7AE5A5D0281E676200F008B0 /* Environments */ = {
			isa = PBXGroup;
			children = (
				7A823636281A6DB7001C2AE3 /* Info.plist */,
			);
			path = Environments;
			sourceTree = "<group>";
		};
		7AE5A5D1281E67A500F008B0 /* Flows */ = {
			isa = PBXGroup;
			children = (
				7AE5A5D3281E686F00F008B0 /* Views */,
				7A0FE32E283CB15D00B51E99 /* View Modifiers */,
				7AE5A5D4281E687600F008B0 /* Scenes */,
			);
			path = Flows;
			sourceTree = "<group>";
		};
		7AE5A5D2281E67B700F008B0 /* Entities */ = {
			isa = PBXGroup;
			children = (
				7A0FE32C283CB0E100B51E99 /* CarModel.swift */,
				435A2EBD28255BD400BF10EA /* AutoModel.swift */,
				435A2ED12825A32300BF10EA /* FuelModel.swift */,
				7AD412002836CD140091F1A8 /* ExpensesModel.swift */,
				7A07161328423A1400CB58DD /* ExpensesGroupedModel.swift */,
				7AD411FC283620F70091F1A8 /* ExpensesType.swift */,
				7A9C9357282425BF00FC40DE /* PinState.swift */,
				7AD411FE283629130091F1A8 /* Period.swift */,
			);
			path = Entities;
			sourceTree = "<group>";
		};
		7AE5A5D3281E686F00F008B0 /* Views */ = {
			isa = PBXGroup;
			children = (
				7A96BF53283E9AE0005E5FEB /* LineChartView */,
				92C6123228305B8A009A930E /* PieChart */,
				7A0FE32F283CB32800B51E99 /* NumPad */,
				7A9C93552824251500FC40DE /* PinButton.swift */,
				92280300283AC54800885342 /* LazyView.swift */,
				7AF081F5283150D400025CA4 /* CheckBoxView.swift */,
			);
			path = Views;
			sourceTree = "<group>";
		};
		7AE5A5D4281E687600F008B0 /* Scenes */ = {
			isa = PBXGroup;
			children = (
				7AE5A5D5281E688900F008B0 /* Start */,
				7AE5A5D6281E688F00F008B0 /* Login */,
				7AF31183281E6B680097BF5A /* Main */,
				7A8AA56E281E75E70071FDD4 /* Home */,
				435A2EC3282592B800BF10EA /* Garage */,
				43C9C0F82832A12200F6CED9 /* AddItemAndModel */,
				435A2ECA2825A25400BF10EA /* FuelPopOver */,
				435A2EB428255A6800BF10EA /* AddAuto */,
				7A8AA56F281E75EB0071FDD4 /* Statistics */,
				7A8AA570281E77160071FDD4 /* Documents */,
				7A8AA571281E771C0071FDD4 /* Events */,
				7A8AA572281E77230071FDD4 /* Settings */,
			);
			path = Scenes;
			sourceTree = "<group>";
		};
		7AE5A5D5281E688900F008B0 /* Start */ = {
			isa = PBXGroup;
			children = (
				7A823629281A6DB6001C2AE3 /* StartViewController.swift */,
				7AF3118C281E6D8E0097BF5A /* StartViewController.xib */,
			);
			path = Start;
			sourceTree = "<group>";
		};
		7AE5A5D6281E688F00F008B0 /* Login */ = {
			isa = PBXGroup;
			children = (
				7AF081F1282EF49300025CA4 /* LoginViewModel.swift */,
				7AF31184281E6BFF0097BF5A /* LoginViewController.swift */,
				7AF31185281E6BFF0097BF5A /* LoginViewController.xib */,
			);
			path = Login;
			sourceTree = "<group>";
		};
		7AF31183281E6B680097BF5A /* Main */ = {
			isa = PBXGroup;
			children = (
				7AF31188281E6C1B0097BF5A /* MainTabController.swift */,
			);
			path = Main;
			sourceTree = "<group>";
		};
		92280302283AC58000885342 /* Expenses */ = {
			isa = PBXGroup;
			children = (
				92280303283AC58000885342 /* ExpensesByDate.swift */,
				92280304283AC58000885342 /* ExpenseCategoryView.swift */,
				92280305283AC58000885342 /* ExpenseViewModel.swift */,
			);
			path = Expenses;
			sourceTree = "<group>";
		};
		92C611E62826D3FC009A930E /* KeychainService */ = {
			isa = PBXGroup;
			children = (
				92C611E72826D443009A930E /* KeychainService.swift */,
			);
			path = KeychainService;
			sourceTree = "<group>";
		};
		92C6123228305B8A009A930E /* PieChart */ = {
			isa = PBXGroup;
			children = (
				92C6123528305BDE009A930E /* PieChartView.swift */,
				92C6123728305BF5009A930E /* PieSliceView.swift */,
				92C6123928305C41009A930E /* PieSliceData.swift */,
				92C6123B28305C86009A930E /* PieChartRows.swift */,
			);
			path = PieChart;
			sourceTree = "<group>";
		};
/* End PBXGroup section */

/* Begin PBXNativeTarget section */
		7A823621281A6DB6001C2AE3 /* MyCar */ = {
			isa = PBXNativeTarget;
			buildConfigurationList = 7A82364F281A6DB7001C2AE3 /* Build configuration list for PBXNativeTarget "MyCar" */;
			buildPhases = (
				7A82361E281A6DB6001C2AE3 /* Sources */,
				7A82361F281A6DB6001C2AE3 /* Frameworks */,
				7A823620281A6DB6001C2AE3 /* Resources */,
			);
			buildRules = (
			);
			dependencies = (
			);
			name = MyCar;
			productName = MyCar;
			productReference = 7A823622281A6DB6001C2AE3 /* MyCar.app */;
			productType = "com.apple.product-type.application";
		};
		7A82363A281A6DB7001C2AE3 /* MyCarTests */ = {
			isa = PBXNativeTarget;
			buildConfigurationList = 7A823652281A6DB7001C2AE3 /* Build configuration list for PBXNativeTarget "MyCarTests" */;
			buildPhases = (
				7A823637281A6DB7001C2AE3 /* Sources */,
				7A823638281A6DB7001C2AE3 /* Frameworks */,
				7A823639281A6DB7001C2AE3 /* Resources */,
			);
			buildRules = (
			);
			dependencies = (
				7A82363D281A6DB7001C2AE3 /* PBXTargetDependency */,
			);
			name = MyCarTests;
			productName = MyCarTests;
			productReference = 7A82363B281A6DB7001C2AE3 /* MyCarTests.xctest */;
			productType = "com.apple.product-type.bundle.unit-test";
		};
		7A823644281A6DB7001C2AE3 /* MyCarUITests */ = {
			isa = PBXNativeTarget;
			buildConfigurationList = 7A823655281A6DB7001C2AE3 /* Build configuration list for PBXNativeTarget "MyCarUITests" */;
			buildPhases = (
				7A823641281A6DB7001C2AE3 /* Sources */,
				7A823642281A6DB7001C2AE3 /* Frameworks */,
				7A823643281A6DB7001C2AE3 /* Resources */,
			);
			buildRules = (
			);
			dependencies = (
				7A823647281A6DB7001C2AE3 /* PBXTargetDependency */,
			);
			name = MyCarUITests;
			productName = MyCarUITests;
			productReference = 7A823645281A6DB7001C2AE3 /* MyCarUITests.xctest */;
			productType = "com.apple.product-type.bundle.ui-testing";
		};
/* End PBXNativeTarget section */

/* Begin PBXProject section */
		7A82361A281A6DB6001C2AE3 /* Project object */ = {
			isa = PBXProject;
			attributes = {
				BuildIndependentTargetsInParallel = 1;
				LastSwiftUpdateCheck = 1330;
				LastUpgradeCheck = 1330;
				TargetAttributes = {
					7A823621281A6DB6001C2AE3 = {
						CreatedOnToolsVersion = 13.3.1;
					};
					7A82363A281A6DB7001C2AE3 = {
						CreatedOnToolsVersion = 13.3.1;
						TestTargetID = 7A823621281A6DB6001C2AE3;
					};
					7A823644281A6DB7001C2AE3 = {
						CreatedOnToolsVersion = 13.3.1;
						TestTargetID = 7A823621281A6DB6001C2AE3;
					};
				};
			};
			buildConfigurationList = 7A82361D281A6DB6001C2AE3 /* Build configuration list for PBXProject "MyCar" */;
			compatibilityVersion = "Xcode 13.0";
			developmentRegion = en;
			hasScannedForEncodings = 0;
			knownRegions = (
				en,
				Base,
			);
			mainGroup = 7A823619281A6DB6001C2AE3;
			productRefGroup = 7A823623281A6DB6001C2AE3 /* Products */;
			projectDirPath = "";
			projectRoot = "";
			targets = (
				7A823621281A6DB6001C2AE3 /* MyCar */,
				7A82363A281A6DB7001C2AE3 /* MyCarTests */,
				7A823644281A6DB7001C2AE3 /* MyCarUITests */,
			);
		};
/* End PBXProject section */

/* Begin PBXResourcesBuildPhase section */
		7A823620281A6DB6001C2AE3 /* Resources */ = {
			isa = PBXResourcesBuildPhase;
			buildActionMask = 2147483647;
			files = (
				435A2EBA28255AD200BF10EA /* AddAutoViewController.xib in Resources */,
				435A2EC2282592A000BF10EA /* GarageCollectionViewController.xib in Resources */,
				7A823635281A6DB7001C2AE3 /* LaunchScreen.storyboard in Resources */,
				7AD4D98728258F1F0083A7A4 /* EventsViewController.xib in Resources */,
				7A823632281A6DB7001C2AE3 /* Assets.xcassets in Resources */,
				7AF31187281E6BFF0097BF5A /* LoginViewController.xib in Resources */,
				4301FA0528342CF4004F9342 /* cars.json in Resources */,
				43C9C0FC2832A17D00F6CED9 /* AddItemAndModelViewController.xib in Resources */,
				435A2ECE2825A29900BF10EA /* PopoverTableViewController.xib in Resources */,
				7A9C935A282426AD00FC40DE /* NumPud.xib in Resources */,
				7AF3118D281E6D8E0097BF5A /* StartViewController.xib in Resources */,
				7AD4D98328258F0E0083A7A4 /* DocumentsViewController.xib in Resources */,
			);
			runOnlyForDeploymentPostprocessing = 0;
		};
		7A823639281A6DB7001C2AE3 /* Resources */ = {
			isa = PBXResourcesBuildPhase;
			buildActionMask = 2147483647;
			files = (
			);
			runOnlyForDeploymentPostprocessing = 0;
		};
		7A823643281A6DB7001C2AE3 /* Resources */ = {
			isa = PBXResourcesBuildPhase;
			buildActionMask = 2147483647;
			files = (
			);
			runOnlyForDeploymentPostprocessing = 0;
		};
/* End PBXResourcesBuildPhase section */

/* Begin PBXSourcesBuildPhase section */
		7A82361E281A6DB6001C2AE3 /* Sources */ = {
			isa = PBXSourcesBuildPhase;
			buildActionMask = 2147483647;
			files = (
				92C6123628305BDE009A930E /* PieChartView.swift in Sources */,
				4301FA0728342F28004F9342 /* CarDecodable.swift in Sources */,
				7AF081F2282EF49300025CA4 /* LoginViewModel.swift in Sources */,
				435A2F60282AFA1700BF10EA /* OtherExpenses+CoreDataClass.swift in Sources */,
				435A2F68282AFA1700BF10EA /* FinanceExpenses+CoreDataClass.swift in Sources */,
				7A82362A281A6DB6001C2AE3 /* StartViewController.swift in Sources */,
				435A2F5F282AFA1700BF10EA /* WashExpenses+CoreDataProperties.swift in Sources */,
				435A2F62282AFA1700BF10EA /* Car+CoreDataClass.swift in Sources */,
				7A96BF5D283E9AE0005E5FEB /* LineView.swift in Sources */,
				7AF081F6283150D400025CA4 /* CheckBoxView.swift in Sources */,
				7A9BF8C8283F91DA003FF8C3 /* CGPoint+Additions.swift in Sources */,
				431B08A12839686100CF781C /* UIColor+Additions.swift in Sources */,
				435A2F6B282AFA1700BF10EA /* ParkingExpenses+CoreDataProperties.swift in Sources */,
				7AD4D98228258F0E0083A7A4 /* DocumentsViewController.swift in Sources */,
				92280306283AC58000885342 /* ExpensesByDate.swift in Sources */,
				7A9C9354282424DD00FC40DE /* UIImage+imageResized.swift in Sources */,
				7A96BF61283E9AE0005E5FEB /* Path+QuadCurve.swift in Sources */,
				435A2F6A282AFA1700BF10EA /* ParkingExpenses+CoreDataClass.swift in Sources */,
				435A2EC92825943E00BF10EA /* CheckMark.swift in Sources */,
				435A2ED22825A32300BF10EA /* FuelModel.swift in Sources */,
				7A823626281A6DB6001C2AE3 /* AppDelegate.swift in Sources */,
				435A2ED02825A2E900BF10EA /* PopoverCell.swift in Sources */,
				92280301283AC54800885342 /* LazyView.swift in Sources */,
				7AF081F0282EF43300025CA4 /* UIHostingControllerCustom.swift in Sources */,
				92280307283AC58000885342 /* ExpenseCategoryView.swift in Sources */,
				435A2ECD2825A29900BF10EA /* PopoverTableViewController.swift in Sources */,
				435A2F67282AFA1700BF10EA /* FuelExpenses+CoreDataProperties.swift in Sources */,
				7AF081EC282EF39C00025CA4 /* SettingsViewModel.swift in Sources */,
				435A2F61282AFA1700BF10EA /* OtherExpenses+CoreDataProperties.swift in Sources */,
				7A96BF63283E9AE0005E5FEB /* Line.swift in Sources */,
				43C9C0F7282EFB5A00F6CED9 /* UITableView+Additions.swift in Sources */,
				435A2F6F282AFCDC00BF10EA /* CarRepository.swift in Sources */,
				435A2EC52825938700BF10EA /* GarageCellModel.swift in Sources */,
				435A2F65282AFA1700BF10EA /* FixExpenses+CoreDataProperties.swift in Sources */,
				7A96BF5E283E9AE0005E5FEB /* Legend.swift in Sources */,
				7AF081F4282FA08700025CA4 /* TextFieldLimitModifier.swift in Sources */,
				435A2EC1282592A000BF10EA /* GarageCollectionViewController.swift in Sources */,
				92C6123E28306411009A930E /* HomeView.swift in Sources */,
				7A823630281A6DB6001C2AE3 /* MyCar.xcdatamodeld in Sources */,
				7A96BF50283E9A59005E5FEB /* StatisticsView.swift in Sources */,
				7AF081EA282EF37B00025CA4 /* SettingsView.swift in Sources */,
				435A2F63282AFA1700BF10EA /* Car+CoreDataProperties.swift in Sources */,
				7A0FE32D283CB0E100B51E99 /* CarModel.swift in Sources */,
				7A38D05C28341F3C00FB982F /* ExpensesRepository.swift in Sources */,
				7A07161428423A1400CB58DD /* ExpensesGroupedModel.swift in Sources */,
				43C9C0F5282EF8A600F6CED9 /* UICollectionView+Additions.swift in Sources */,
				435A2F64282AFA1700BF10EA /* FixExpenses+CoreDataClass.swift in Sources */,
				435A2EBE28255BD400BF10EA /* AutoModel.swift in Sources */,
				435A2EC7282593F900BF10EA /* GarageCollectionViewCell.swift in Sources */,
				7A96BF65283EA814005E5FEB /* StatisticsViewModel.swift in Sources */,
				92C611E82826D443009A930E /* KeychainService.swift in Sources */,
				7AF31186281E6BFF0097BF5A /* LoginViewController.swift in Sources */,
				9239034728313F66007D4314 /* Color+Additions.swift in Sources */,
				7A823628281A6DB6001C2AE3 /* SceneDelegate.swift in Sources */,
				7AD411FF283629130091F1A8 /* Period.swift in Sources */,
				92C6123A28305C41009A930E /* PieSliceData.swift in Sources */,
				435A2F5E282AFA1700BF10EA /* WashExpenses+CoreDataClass.swift in Sources */,
				92C6123828305BF6009A930E /* PieSliceView.swift in Sources */,
				92280308283AC58000885342 /* ExpenseViewModel.swift in Sources */,
				7AD412012836CD140091F1A8 /* ExpensesModel.swift in Sources */,
				7AF0681228356DD8003FDA52 /* Date+Additions.swift in Sources */,
				7A9C9352282423EE00FC40DE /* NumPad.swift in Sources */,
				7AF081EE282EF3A800025CA4 /* UIApplication+endEditing.swift in Sources */,
				435A2F66282AFA1700BF10EA /* FuelExpenses+CoreDataClass.swift in Sources */,
				7AD4D97A28258AE80083A7A4 /* HomeViewController.swift in Sources */,
				92C6123C28305C86009A930E /* PieChartRows.swift in Sources */,
				7A9C9358282425BF00FC40DE /* PinState.swift in Sources */,
				7AD4D98628258F1F0083A7A4 /* EventsViewController.swift in Sources */,
				7A9C93562824251500FC40DE /* PinButton.swift in Sources */,
				7AD411FD283620F70091F1A8 /* ExpensesType.swift in Sources */,
				92C6124028306469009A930E /* HomeViewModel.swift in Sources */,
				7AF3118A281E6C1B0097BF5A /* MainTabController.swift in Sources */,
				435A2F69282AFA1700BF10EA /* FinanceExpenses+CoreDataProperties.swift in Sources */,
				7A96BF52283E9AA1005E5FEB /* Helpers.swift in Sources */,
				7A96BF5C283E9AE0005E5FEB /* IndicatorPoint.swift in Sources */,
				7A96BF60283E9AE0005E5FEB /* MagnifierRect.swift in Sources */,
				43C9C0FB2832A17D00F6CED9 /* AddItemAndModelViewController.swift in Sources */,
				435A2EBC28255B5900BF10EA /* AutoCell.swift in Sources */,
				435A2EB928255AD200BF10EA /* AddAutoViewController.swift in Sources */,
				7A38D05E283421F200FB982F /* CoreDataStack.swift in Sources */,
			);
			runOnlyForDeploymentPostprocessing = 0;
		};
		7A823637281A6DB7001C2AE3 /* Sources */ = {
			isa = PBXSourcesBuildPhase;
			buildActionMask = 2147483647;
			files = (
				7A823640281A6DB7001C2AE3 /* MyCarTests.swift in Sources */,
				92C611EA2826D4CC009A930E /* KeychainServiceTests.swift in Sources */,
				7A38D0602834F8A500FB982F /* CoreDataTests.swift in Sources */,
			);
			runOnlyForDeploymentPostprocessing = 0;
		};
		7A823641281A6DB7001C2AE3 /* Sources */ = {
			isa = PBXSourcesBuildPhase;
			buildActionMask = 2147483647;
			files = (
				7A82364A281A6DB7001C2AE3 /* MyCarUITests.swift in Sources */,
				7A82364C281A6DB7001C2AE3 /* MyCarUITestsLaunchTests.swift in Sources */,
			);
			runOnlyForDeploymentPostprocessing = 0;
		};
/* End PBXSourcesBuildPhase section */

/* Begin PBXTargetDependency section */
		7A82363D281A6DB7001C2AE3 /* PBXTargetDependency */ = {
			isa = PBXTargetDependency;
			target = 7A823621281A6DB6001C2AE3 /* MyCar */;
			targetProxy = 7A82363C281A6DB7001C2AE3 /* PBXContainerItemProxy */;
		};
		7A823647281A6DB7001C2AE3 /* PBXTargetDependency */ = {
			isa = PBXTargetDependency;
			target = 7A823621281A6DB6001C2AE3 /* MyCar */;
			targetProxy = 7A823646281A6DB7001C2AE3 /* PBXContainerItemProxy */;
		};
/* End PBXTargetDependency section */

/* Begin PBXVariantGroup section */
		7A823633281A6DB7001C2AE3 /* LaunchScreen.storyboard */ = {
			isa = PBXVariantGroup;
			children = (
				7A823634281A6DB7001C2AE3 /* Base */,
			);
			name = LaunchScreen.storyboard;
			sourceTree = "<group>";
		};
/* End PBXVariantGroup section */

/* Begin XCBuildConfiguration section */
		7A82364D281A6DB7001C2AE3 /* Debug */ = {
			isa = XCBuildConfiguration;
			buildSettings = {
				ALWAYS_SEARCH_USER_PATHS = NO;
				CLANG_ANALYZER_NONNULL = YES;
				CLANG_ANALYZER_NUMBER_OBJECT_CONVERSION = YES_AGGRESSIVE;
				CLANG_CXX_LANGUAGE_STANDARD = "gnu++17";
				CLANG_ENABLE_MODULES = YES;
				CLANG_ENABLE_OBJC_ARC = YES;
				CLANG_ENABLE_OBJC_WEAK = YES;
				CLANG_WARN_BLOCK_CAPTURE_AUTORELEASING = YES;
				CLANG_WARN_BOOL_CONVERSION = YES;
				CLANG_WARN_COMMA = YES;
				CLANG_WARN_CONSTANT_CONVERSION = YES;
				CLANG_WARN_DEPRECATED_OBJC_IMPLEMENTATIONS = YES;
				CLANG_WARN_DIRECT_OBJC_ISA_USAGE = YES_ERROR;
				CLANG_WARN_DOCUMENTATION_COMMENTS = YES;
				CLANG_WARN_EMPTY_BODY = YES;
				CLANG_WARN_ENUM_CONVERSION = YES;
				CLANG_WARN_INFINITE_RECURSION = YES;
				CLANG_WARN_INT_CONVERSION = YES;
				CLANG_WARN_NON_LITERAL_NULL_CONVERSION = YES;
				CLANG_WARN_OBJC_IMPLICIT_RETAIN_SELF = YES;
				CLANG_WARN_OBJC_LITERAL_CONVERSION = YES;
				CLANG_WARN_OBJC_ROOT_CLASS = YES_ERROR;
				CLANG_WARN_QUOTED_INCLUDE_IN_FRAMEWORK_HEADER = YES;
				CLANG_WARN_RANGE_LOOP_ANALYSIS = YES;
				CLANG_WARN_STRICT_PROTOTYPES = YES;
				CLANG_WARN_SUSPICIOUS_MOVE = YES;
				CLANG_WARN_UNGUARDED_AVAILABILITY = YES_AGGRESSIVE;
				CLANG_WARN_UNREACHABLE_CODE = YES;
				CLANG_WARN__DUPLICATE_METHOD_MATCH = YES;
				COPY_PHASE_STRIP = NO;
				DEBUG_INFORMATION_FORMAT = dwarf;
				ENABLE_STRICT_OBJC_MSGSEND = YES;
				ENABLE_TESTABILITY = YES;
				GCC_C_LANGUAGE_STANDARD = gnu11;
				GCC_DYNAMIC_NO_PIC = NO;
				GCC_NO_COMMON_BLOCKS = YES;
				GCC_OPTIMIZATION_LEVEL = 0;
				GCC_PREPROCESSOR_DEFINITIONS = (
					"DEBUG=1",
					"$(inherited)",
				);
				GCC_WARN_64_TO_32_BIT_CONVERSION = YES;
				GCC_WARN_ABOUT_RETURN_TYPE = YES_ERROR;
				GCC_WARN_UNDECLARED_SELECTOR = YES;
				GCC_WARN_UNINITIALIZED_AUTOS = YES_AGGRESSIVE;
				GCC_WARN_UNUSED_FUNCTION = YES;
				GCC_WARN_UNUSED_VARIABLE = YES;
				IPHONEOS_DEPLOYMENT_TARGET = 15.4;
				MTL_ENABLE_DEBUG_INFO = INCLUDE_SOURCE;
				MTL_FAST_MATH = YES;
				ONLY_ACTIVE_ARCH = YES;
				SDKROOT = iphoneos;
				SWIFT_ACTIVE_COMPILATION_CONDITIONS = DEBUG;
				SWIFT_OPTIMIZATION_LEVEL = "-Onone";
			};
			name = Debug;
		};
		7A82364E281A6DB7001C2AE3 /* Release */ = {
			isa = XCBuildConfiguration;
			buildSettings = {
				ALWAYS_SEARCH_USER_PATHS = NO;
				CLANG_ANALYZER_NONNULL = YES;
				CLANG_ANALYZER_NUMBER_OBJECT_CONVERSION = YES_AGGRESSIVE;
				CLANG_CXX_LANGUAGE_STANDARD = "gnu++17";
				CLANG_ENABLE_MODULES = YES;
				CLANG_ENABLE_OBJC_ARC = YES;
				CLANG_ENABLE_OBJC_WEAK = YES;
				CLANG_WARN_BLOCK_CAPTURE_AUTORELEASING = YES;
				CLANG_WARN_BOOL_CONVERSION = YES;
				CLANG_WARN_COMMA = YES;
				CLANG_WARN_CONSTANT_CONVERSION = YES;
				CLANG_WARN_DEPRECATED_OBJC_IMPLEMENTATIONS = YES;
				CLANG_WARN_DIRECT_OBJC_ISA_USAGE = YES_ERROR;
				CLANG_WARN_DOCUMENTATION_COMMENTS = YES;
				CLANG_WARN_EMPTY_BODY = YES;
				CLANG_WARN_ENUM_CONVERSION = YES;
				CLANG_WARN_INFINITE_RECURSION = YES;
				CLANG_WARN_INT_CONVERSION = YES;
				CLANG_WARN_NON_LITERAL_NULL_CONVERSION = YES;
				CLANG_WARN_OBJC_IMPLICIT_RETAIN_SELF = YES;
				CLANG_WARN_OBJC_LITERAL_CONVERSION = YES;
				CLANG_WARN_OBJC_ROOT_CLASS = YES_ERROR;
				CLANG_WARN_QUOTED_INCLUDE_IN_FRAMEWORK_HEADER = YES;
				CLANG_WARN_RANGE_LOOP_ANALYSIS = YES;
				CLANG_WARN_STRICT_PROTOTYPES = YES;
				CLANG_WARN_SUSPICIOUS_MOVE = YES;
				CLANG_WARN_UNGUARDED_AVAILABILITY = YES_AGGRESSIVE;
				CLANG_WARN_UNREACHABLE_CODE = YES;
				CLANG_WARN__DUPLICATE_METHOD_MATCH = YES;
				COPY_PHASE_STRIP = NO;
				DEBUG_INFORMATION_FORMAT = "dwarf-with-dsym";
				ENABLE_NS_ASSERTIONS = NO;
				ENABLE_STRICT_OBJC_MSGSEND = YES;
				GCC_C_LANGUAGE_STANDARD = gnu11;
				GCC_NO_COMMON_BLOCKS = YES;
				GCC_WARN_64_TO_32_BIT_CONVERSION = YES;
				GCC_WARN_ABOUT_RETURN_TYPE = YES_ERROR;
				GCC_WARN_UNDECLARED_SELECTOR = YES;
				GCC_WARN_UNINITIALIZED_AUTOS = YES_AGGRESSIVE;
				GCC_WARN_UNUSED_FUNCTION = YES;
				GCC_WARN_UNUSED_VARIABLE = YES;
				IPHONEOS_DEPLOYMENT_TARGET = 15.4;
				MTL_ENABLE_DEBUG_INFO = NO;
				MTL_FAST_MATH = YES;
				SDKROOT = iphoneos;
				SWIFT_COMPILATION_MODE = wholemodule;
				SWIFT_OPTIMIZATION_LEVEL = "-O";
				VALIDATE_PRODUCT = YES;
			};
			name = Release;
		};
		7A823650281A6DB7001C2AE3 /* Debug */ = {
			isa = XCBuildConfiguration;
			buildSettings = {
				ASSETCATALOG_COMPILER_APPICON_NAME = AppIcon;
				ASSETCATALOG_COMPILER_GLOBAL_ACCENT_COLOR_NAME = AccentColor;
				CODE_SIGN_STYLE = Automatic;
				CURRENT_PROJECT_VERSION = 1;
				DEVELOPMENT_TEAM = LA6FA5G5XC;
				GENERATE_INFOPLIST_FILE = YES;
				INFOPLIST_FILE = MyCar/Environments/Info.plist;
				INFOPLIST_KEY_UIApplicationSupportsIndirectInputEvents = YES;
				INFOPLIST_KEY_UILaunchStoryboardName = LaunchScreen;
				INFOPLIST_KEY_UISupportedInterfaceOrientations = UIInterfaceOrientationPortrait;
				INFOPLIST_KEY_UISupportedInterfaceOrientations_iPad = "UIInterfaceOrientationPortrait UIInterfaceOrientationPortraitUpsideDown UIInterfaceOrientationLandscapeLeft UIInterfaceOrientationLandscapeRight";
				INFOPLIST_KEY_UISupportedInterfaceOrientations_iPhone = "UIInterfaceOrientationPortrait UIInterfaceOrientationLandscapeLeft UIInterfaceOrientationLandscapeRight";
				IPHONEOS_DEPLOYMENT_TARGET = 15.0;
				LD_RUNPATH_SEARCH_PATHS = (
					"$(inherited)",
					"@executable_path/Frameworks",
				);
				MARKETING_VERSION = 1.0;
				PRODUCT_BUNDLE_IDENTIFIER = ru.aksilont.MyCar;
				PRODUCT_NAME = "$(TARGET_NAME)";
				SWIFT_EMIT_LOC_STRINGS = YES;
				SWIFT_VERSION = 5.0;
				TARGETED_DEVICE_FAMILY = 1;
			};
			name = Debug;
		};
		7A823651281A6DB7001C2AE3 /* Release */ = {
			isa = XCBuildConfiguration;
			buildSettings = {
				ASSETCATALOG_COMPILER_APPICON_NAME = AppIcon;
				ASSETCATALOG_COMPILER_GLOBAL_ACCENT_COLOR_NAME = AccentColor;
				CODE_SIGN_STYLE = Automatic;
				CURRENT_PROJECT_VERSION = 1;
				DEVELOPMENT_TEAM = LA6FA5G5XC;
				GENERATE_INFOPLIST_FILE = YES;
				INFOPLIST_FILE = MyCar/Environments/Info.plist;
				INFOPLIST_KEY_UIApplicationSupportsIndirectInputEvents = YES;
				INFOPLIST_KEY_UILaunchStoryboardName = LaunchScreen;
				INFOPLIST_KEY_UISupportedInterfaceOrientations = UIInterfaceOrientationPortrait;
				INFOPLIST_KEY_UISupportedInterfaceOrientations_iPad = "UIInterfaceOrientationPortrait UIInterfaceOrientationPortraitUpsideDown UIInterfaceOrientationLandscapeLeft UIInterfaceOrientationLandscapeRight";
				INFOPLIST_KEY_UISupportedInterfaceOrientations_iPhone = "UIInterfaceOrientationPortrait UIInterfaceOrientationLandscapeLeft UIInterfaceOrientationLandscapeRight";
				IPHONEOS_DEPLOYMENT_TARGET = 15.0;
				LD_RUNPATH_SEARCH_PATHS = (
					"$(inherited)",
					"@executable_path/Frameworks",
				);
				MARKETING_VERSION = 1.0;
				PRODUCT_BUNDLE_IDENTIFIER = ru.aksilont.MyCar;
				PRODUCT_NAME = "$(TARGET_NAME)";
				SWIFT_EMIT_LOC_STRINGS = YES;
				SWIFT_VERSION = 5.0;
				TARGETED_DEVICE_FAMILY = 1;
			};
			name = Release;
		};
		7A823653281A6DB7001C2AE3 /* Debug */ = {
			isa = XCBuildConfiguration;
			buildSettings = {
				ALWAYS_EMBED_SWIFT_STANDARD_LIBRARIES = YES;
				BUNDLE_LOADER = "$(TEST_HOST)";
				CODE_SIGN_STYLE = Automatic;
				CURRENT_PROJECT_VERSION = 1;
				DEVELOPMENT_TEAM = LA6FA5G5XC;
				GENERATE_INFOPLIST_FILE = YES;
				IPHONEOS_DEPLOYMENT_TARGET = 15.4;
				MARKETING_VERSION = 1.0;
				PRODUCT_BUNDLE_IDENTIFIER = com.aksilont.MyCarTests;
				PRODUCT_NAME = "$(TARGET_NAME)";
				SWIFT_EMIT_LOC_STRINGS = NO;
				SWIFT_VERSION = 5.0;
				TARGETED_DEVICE_FAMILY = "1,2";
				TEST_HOST = "$(BUILT_PRODUCTS_DIR)/MyCar.app/MyCar";
			};
			name = Debug;
		};
		7A823654281A6DB7001C2AE3 /* Release */ = {
			isa = XCBuildConfiguration;
			buildSettings = {
				ALWAYS_EMBED_SWIFT_STANDARD_LIBRARIES = YES;
				BUNDLE_LOADER = "$(TEST_HOST)";
				CODE_SIGN_STYLE = Automatic;
				CURRENT_PROJECT_VERSION = 1;
				DEVELOPMENT_TEAM = LA6FA5G5XC;
				GENERATE_INFOPLIST_FILE = YES;
				IPHONEOS_DEPLOYMENT_TARGET = 15.4;
				MARKETING_VERSION = 1.0;
				PRODUCT_BUNDLE_IDENTIFIER = com.aksilont.MyCarTests;
				PRODUCT_NAME = "$(TARGET_NAME)";
				SWIFT_EMIT_LOC_STRINGS = NO;
				SWIFT_VERSION = 5.0;
				TARGETED_DEVICE_FAMILY = "1,2";
				TEST_HOST = "$(BUILT_PRODUCTS_DIR)/MyCar.app/MyCar";
			};
			name = Release;
		};
		7A823656281A6DB7001C2AE3 /* Debug */ = {
			isa = XCBuildConfiguration;
			buildSettings = {
				ALWAYS_EMBED_SWIFT_STANDARD_LIBRARIES = YES;
				CODE_SIGN_STYLE = Automatic;
				CURRENT_PROJECT_VERSION = 1;
				DEVELOPMENT_TEAM = LA6FA5G5XC;
				GENERATE_INFOPLIST_FILE = YES;
				MARKETING_VERSION = 1.0;
				PRODUCT_BUNDLE_IDENTIFIER = com.aksilont.MyCarUITests;
				PRODUCT_NAME = "$(TARGET_NAME)";
				SWIFT_EMIT_LOC_STRINGS = NO;
				SWIFT_VERSION = 5.0;
				TARGETED_DEVICE_FAMILY = "1,2";
				TEST_TARGET_NAME = MyCar;
			};
			name = Debug;
		};
		7A823657281A6DB7001C2AE3 /* Release */ = {
			isa = XCBuildConfiguration;
			buildSettings = {
				ALWAYS_EMBED_SWIFT_STANDARD_LIBRARIES = YES;
				CODE_SIGN_STYLE = Automatic;
				CURRENT_PROJECT_VERSION = 1;
				DEVELOPMENT_TEAM = LA6FA5G5XC;
				GENERATE_INFOPLIST_FILE = YES;
				MARKETING_VERSION = 1.0;
				PRODUCT_BUNDLE_IDENTIFIER = com.aksilont.MyCarUITests;
				PRODUCT_NAME = "$(TARGET_NAME)";
				SWIFT_EMIT_LOC_STRINGS = NO;
				SWIFT_VERSION = 5.0;
				TARGETED_DEVICE_FAMILY = "1,2";
				TEST_TARGET_NAME = MyCar;
			};
			name = Release;
		};
/* End XCBuildConfiguration section */

/* Begin XCConfigurationList section */
		7A82361D281A6DB6001C2AE3 /* Build configuration list for PBXProject "MyCar" */ = {
			isa = XCConfigurationList;
			buildConfigurations = (
				7A82364D281A6DB7001C2AE3 /* Debug */,
				7A82364E281A6DB7001C2AE3 /* Release */,
			);
			defaultConfigurationIsVisible = 0;
			defaultConfigurationName = Release;
		};
		7A82364F281A6DB7001C2AE3 /* Build configuration list for PBXNativeTarget "MyCar" */ = {
			isa = XCConfigurationList;
			buildConfigurations = (
				7A823650281A6DB7001C2AE3 /* Debug */,
				7A823651281A6DB7001C2AE3 /* Release */,
			);
			defaultConfigurationIsVisible = 0;
			defaultConfigurationName = Release;
		};
		7A823652281A6DB7001C2AE3 /* Build configuration list for PBXNativeTarget "MyCarTests" */ = {
			isa = XCConfigurationList;
			buildConfigurations = (
				7A823653281A6DB7001C2AE3 /* Debug */,
				7A823654281A6DB7001C2AE3 /* Release */,
			);
			defaultConfigurationIsVisible = 0;
			defaultConfigurationName = Release;
		};
		7A823655281A6DB7001C2AE3 /* Build configuration list for PBXNativeTarget "MyCarUITests" */ = {
			isa = XCConfigurationList;
			buildConfigurations = (
				7A823656281A6DB7001C2AE3 /* Debug */,
				7A823657281A6DB7001C2AE3 /* Release */,
			);
			defaultConfigurationIsVisible = 0;
			defaultConfigurationName = Release;
		};
/* End XCConfigurationList section */

/* Begin XCVersionGroup section */
		7A82362E281A6DB6001C2AE3 /* MyCar.xcdatamodeld */ = {
			isa = XCVersionGroup;
			children = (
				7A82362F281A6DB6001C2AE3 /* MyCar.xcdatamodel */,
			);
			currentVersion = 7A82362F281A6DB6001C2AE3 /* MyCar.xcdatamodel */;
			path = MyCar.xcdatamodeld;
			sourceTree = "<group>";
			versionGroupType = wrapper.xcdatamodel;
		};
/* End XCVersionGroup section */
	};
	rootObject = 7A82361A281A6DB6001C2AE3 /* Project object */;
}
